PODS:
  - LPEmptyDataSet (0.2.3)
  - LPHUD (1.2.3)

DEPENDENCIES:
  - LPEmptyDataSet (from `./`)
  - LPHUD

SPEC REPOS:
  trunk:
    - LPHUD

EXTERNAL SOURCES:
  LPEmptyDataSet:
    :path: "./"

SPEC CHECKSUMS:
  LPEmptyDataSet: 6f71f3d493504a8b0edba16c51d3e050e392be1d
  LPHUD: f3d935bfa14f8fe29368395ed69704e29148dc49

PODFILE CHECKSUM: a3a0cd4b6f3f4706a1c9d63dfd71174c1365f8ea

COCOAPODS: 1.11.3
