PODS:
  - LPEmptyDataSet (0.2.6)
  - LPHUD (1.5.4):
    - LPHUD/HUD (= 1.5.4)
    - LPHUD/HUDIndicator (= 1.5.4)
    - LPHUD/HUDProgress (= 1.5.4)
  - LPHUD/HUD (1.5.4)
  - LPHUD/HUDIndicator (1.5.4):
    - LPHUD/HUD
  - LPHUD/HUDProgress (1.5.4):
    - LPHUD/HUD

DEPENDENCIES:
  - LPEmptyDataSet (from `./`)
  - LPHUD

SPEC REPOS:
  trunk:
    - LPHUD

EXTERNAL SOURCES:
  LPEmptyDataSet:
    :path: "./"

SPEC CHECKSUMS:
  LPEmptyDataSet: 7102614ead33808cdcc3c7dddb9bf4de5909194f
  LPHUD: 023c955af0752d19e37b870a05ff1c9c0f928e8e

PODFILE CHECKSUM: 726e94dfe9c64b507dbd236cc8226156104dc0cf

COCOAPODS: 1.15.0
