// !$*UTF8*$!
{
	archiveVersion = 1;
	classes = {
	};
	objectVersion = 46;
	objects = {

/* Begin PBXBuildFile section */
		0C1D5CE02B9EF1F300552C87 /* ApplicationsTableViewController.swift in Sources */ = {isa = PBXBuildFile; fileRef = 0C1D5CDF2B9EF1F300552C87 /* ApplicationsTableViewController.swift */; };
		0C1D5CE22B9EF25000552C87 /* ApplicationDetailViewController.swift in Sources */ = {isa = PBXBuildFile; fileRef = 0C1D5CE12B9EF25000552C87 /* ApplicationDetailViewController.swift */; };
		0C1D5CE62B9EF71A00552C87 /* MainViewController.swift in Sources */ = {isa = PBXBuildFile; fileRef = 0C1D5CE52B9EF71A00552C87 /* MainViewController.swift */; };
		0C3A8D3A2BA31A2200E64966 /* CustomViewController.swift in Sources */ = {isa = PBXBuildFile; fileRef = 0C3A8D392BA31A2200E64966 /* CustomViewController.swift */; };
		0C7B49E42B9F1354000B20B0 /* CollectionViewController.swift in Sources */ = {isa = PBXBuildFile; fileRef = 0C7B49E32B9F1354000B20B0 /* CollectionViewController.swift */; };
		0C7B49E62B9F136E000B20B0 /* SearchViewController.swift in Sources */ = {isa = PBXBuildFile; fileRef = 0C7B49E52B9F136E000B20B0 /* SearchViewController.swift */; };
		0C7B49E82B9F1380000B20B0 /* TableViewController.swift in Sources */ = {isa = PBXBuildFile; fileRef = 0C7B49E72B9F1380000B20B0 /* TableViewController.swift */; };
		0C7B49EA2B9F13E7000B20B0 /* colors.json in Resources */ = {isa = PBXBuildFile; fileRef = 0C7B49E92B9F13E7000B20B0 /* colors.json */; };
		0C7B49EC2B9F1428000B20B0 /* Palette.swift in Sources */ = {isa = PBXBuildFile; fileRef = 0C7B49EB2B9F1428000B20B0 /* Palette.swift */; };
		0C7B49EE2B9F1433000B20B0 /* Color.swift in Sources */ = {isa = PBXBuildFile; fileRef = 0C7B49ED2B9F1433000B20B0 /* Color.swift */; };
		0C7B49F22B9F1F76000B20B0 /* TabBarController.swift in Sources */ = {isa = PBXBuildFile; fileRef = 0C7B49F12B9F1F76000B20B0 /* TabBarController.swift */; };
		0CA494CC2B723E0D00C0C8C7 /* ViewController.swift in Sources */ = {isa = PBXBuildFile; fileRef = 0CA494CB2B723E0D00C0C8C7 /* ViewController.swift */; };
		0CA494CF2B723E0D00C0C8C7 /* Main.storyboard in Resources */ = {isa = PBXBuildFile; fileRef = 0CA494CD2B723E0D00C0C8C7 /* Main.storyboard */; };
		0CA494D12B723E0E00C0C8C7 /* Assets.xcassets in Resources */ = {isa = PBXBuildFile; fileRef = 0CA494D02B723E0E00C0C8C7 /* Assets.xcassets */; };
		0CA494D42B723E0E00C0C8C7 /* LaunchScreen.storyboard in Resources */ = {isa = PBXBuildFile; fileRef = 0CA494D22B723E0E00C0C8C7 /* LaunchScreen.storyboard */; };
		0CA494E02B723F2700C0C8C7 /* AppDelegate.swift in Sources */ = {isa = PBXBuildFile; fileRef = 607FACD51AFB9204008FA782 /* AppDelegate.swift */; };
		0CD2E6642BA154A100214987 /* ScrollViewController.swift in Sources */ = {isa = PBXBuildFile; fileRef = 0CD2E6632BA154A100214987 /* ScrollViewController.swift */; };
		0CD2E6672BA1551100214987 /* ViewController.swift in Sources */ = {isa = PBXBuildFile; fileRef = 0CD2E6662BA1551100214987 /* ViewController.swift */; };
		0E99C6BDA825F2609FD5D880 /* Pods_Example_iOS.framework in Frameworks */ = {isa = PBXBuildFile; fileRef = 8DD00E74E14A76BC040ECB08 /* Pods_Example_iOS.framework */; };
		1828E0962643B700004E75A3 /* LaunchScreen.storyboard in Resources */ = {isa = PBXBuildFile; fileRef = 1828E0942643B700004E75A3 /* LaunchScreen.storyboard */; };
		18F63D59276F57D800D2AF7C /* WebViewController.swift in Sources */ = {isa = PBXBuildFile; fileRef = 18F63D58276F57D800D2AF7C /* WebViewController.swift */; };
		607FACD61AFB9204008FA782 /* AppDelegate.swift in Sources */ = {isa = PBXBuildFile; fileRef = 607FACD51AFB9204008FA782 /* AppDelegate.swift */; };
		607FACDB1AFB9204008FA782 /* Main.storyboard in Resources */ = {isa = PBXBuildFile; fileRef = 607FACD91AFB9204008FA782 /* Main.storyboard */; };
		607FACEC1AFB9204008FA782 /* Tests.swift in Sources */ = {isa = PBXBuildFile; fileRef = 607FACEB1AFB9204008FA782 /* Tests.swift */; };
		B7E64BF4A4C0092D6292971B /* Pods_Example_tvOS.framework in Frameworks */ = {isa = PBXBuildFile; fileRef = 6289ECD225273745D31F49E9 /* Pods_Example_tvOS.framework */; };
		D73AE72FF7070D50F3EEC4B8 /* Pods_Example_Tests.framework in Frameworks */ = {isa = PBXBuildFile; fileRef = E7725B95DDB08A1F2238368E /* Pods_Example_Tests.framework */; };
		E846C449275D101F00CE208D /* IdealSans-Book-Pro.otf in Resources */ = {isa = PBXBuildFile; fileRef = E846C446275D101F00CE208D /* IdealSans-Book-Pro.otf */; };
		E846C44A275D101F00CE208D /* Lato-Regular.ttf in Resources */ = {isa = PBXBuildFile; fileRef = E846C448275D101F00CE208D /* Lato-Regular.ttf */; };
		E846C44C275D107B00CE208D /* applications.json in Resources */ = {isa = PBXBuildFile; fileRef = E846C44B275D107B00CE208D /* applications.json */; };
		E846C454275D10BD00CE208D /* Application.swift in Sources */ = {isa = PBXBuildFile; fileRef = E846C44F275D10BD00CE208D /* Application.swift */; };
		E846C455275D10BD00CE208D /* UIColor+Hexadecimal.swift in Sources */ = {isa = PBXBuildFile; fileRef = E846C450275D10BD00CE208D /* UIColor+Hexadecimal.swift */; };
		E8B165D6269DECA200B80E02 /* Assets.xcassets in Resources */ = {isa = PBXBuildFile; fileRef = E8B165D5269DECA200B80E02 /* Assets.xcassets */; };
/* End PBXBuildFile section */

/* Begin PBXContainerItemProxy section */
		607FACE61AFB9204008FA782 /* PBXContainerItemProxy */ = {
			isa = PBXContainerItemProxy;
			containerPortal = 607FACC81AFB9204008FA782 /* Project object */;
			proxyType = 1;
			remoteGlobalIDString = 607FACCF1AFB9204008FA782;
			remoteInfo = EmptyDataSet;
		};
/* End PBXContainerItemProxy section */

/* Begin PBXFileReference section */
		0C1D5CDF2B9EF1F300552C87 /* ApplicationsTableViewController.swift */ = {isa = PBXFileReference; lastKnownFileType = sourcecode.swift; path = ApplicationsTableViewController.swift; sourceTree = "<group>"; };
		0C1D5CE12B9EF25000552C87 /* ApplicationDetailViewController.swift */ = {isa = PBXFileReference; lastKnownFileType = sourcecode.swift; path = ApplicationDetailViewController.swift; sourceTree = "<group>"; };
		0C1D5CE52B9EF71A00552C87 /* MainViewController.swift */ = {isa = PBXFileReference; lastKnownFileType = sourcecode.swift; path = MainViewController.swift; sourceTree = "<group>"; };
		0C3A8D392BA31A2200E64966 /* CustomViewController.swift */ = {isa = PBXFileReference; lastKnownFileType = sourcecode.swift; path = CustomViewController.swift; sourceTree = "<group>"; };
		0C7B49E32B9F1354000B20B0 /* CollectionViewController.swift */ = {isa = PBXFileReference; lastKnownFileType = sourcecode.swift; path = CollectionViewController.swift; sourceTree = "<group>"; };
		0C7B49E52B9F136E000B20B0 /* SearchViewController.swift */ = {isa = PBXFileReference; lastKnownFileType = sourcecode.swift; path = SearchViewController.swift; sourceTree = "<group>"; };
		0C7B49E72B9F1380000B20B0 /* TableViewController.swift */ = {isa = PBXFileReference; lastKnownFileType = sourcecode.swift; path = TableViewController.swift; sourceTree = "<group>"; };
		0C7B49E92B9F13E7000B20B0 /* colors.json */ = {isa = PBXFileReference; fileEncoding = 4; lastKnownFileType = text.json; path = colors.json; sourceTree = "<group>"; };
		0C7B49EB2B9F1428000B20B0 /* Palette.swift */ = {isa = PBXFileReference; lastKnownFileType = sourcecode.swift; path = Palette.swift; sourceTree = "<group>"; };
		0C7B49ED2B9F1433000B20B0 /* Color.swift */ = {isa = PBXFileReference; lastKnownFileType = sourcecode.swift; path = Color.swift; sourceTree = "<group>"; };
		0C7B49F12B9F1F76000B20B0 /* TabBarController.swift */ = {isa = PBXFileReference; lastKnownFileType = sourcecode.swift; path = TabBarController.swift; sourceTree = "<group>"; };
		0CA172342B4FE8BA00179E2A /* Package.swift */ = {isa = PBXFileReference; lastKnownFileType = sourcecode.swift; path = Package.swift; sourceTree = "<group>"; };
		0CA494C72B723E0D00C0C8C7 /* Example tvOS.app */ = {isa = PBXFileReference; explicitFileType = wrapper.application; includeInIndex = 0; path = "Example tvOS.app"; sourceTree = BUILT_PRODUCTS_DIR; };
		0CA494CB2B723E0D00C0C8C7 /* ViewController.swift */ = {isa = PBXFileReference; lastKnownFileType = sourcecode.swift; path = ViewController.swift; sourceTree = "<group>"; };
		0CA494CE2B723E0D00C0C8C7 /* Base */ = {isa = PBXFileReference; lastKnownFileType = file.storyboard; name = Base; path = Base.lproj/Main.storyboard; sourceTree = "<group>"; };
		0CA494D02B723E0E00C0C8C7 /* Assets.xcassets */ = {isa = PBXFileReference; lastKnownFileType = folder.assetcatalog; path = Assets.xcassets; sourceTree = "<group>"; };
		0CA494D32B723E0E00C0C8C7 /* Base */ = {isa = PBXFileReference; lastKnownFileType = file.storyboard; name = Base; path = Base.lproj/LaunchScreen.storyboard; sourceTree = "<group>"; };
		0CD2E6632BA154A100214987 /* ScrollViewController.swift */ = {isa = PBXFileReference; lastKnownFileType = sourcecode.swift; path = ScrollViewController.swift; sourceTree = "<group>"; };
		0CD2E6662BA1551100214987 /* ViewController.swift */ = {isa = PBXFileReference; lastKnownFileType = sourcecode.swift; path = ViewController.swift; sourceTree = "<group>"; };
		1828E0952643B700004E75A3 /* Base */ = {isa = PBXFileReference; lastKnownFileType = file.storyboard; name = Base; path = Base.lproj/LaunchScreen.storyboard; sourceTree = "<group>"; };
		18F63D58276F57D800D2AF7C /* WebViewController.swift */ = {isa = PBXFileReference; lastKnownFileType = sourcecode.swift; path = WebViewController.swift; sourceTree = "<group>"; };
		1B5C28457C1B114F3AB55AB9 /* BlankSlate.podspec */ = {isa = PBXFileReference; includeInIndex = 1; lastKnownFileType = text; path = BlankSlate.podspec; sourceTree = "<group>"; xcLanguageSpecificationIdentifier = xcode.lang.ruby; };
		308D44E6CA1889CC8364E4A3 /* Pods-Example tvOS.debug.xcconfig */ = {isa = PBXFileReference; includeInIndex = 1; lastKnownFileType = text.xcconfig; name = "Pods-Example tvOS.debug.xcconfig"; path = "Target Support Files/Pods-Example tvOS/Pods-Example tvOS.debug.xcconfig"; sourceTree = "<group>"; };
		34C505DB11E7B1601E933250 /* Pods-Example Tests.release.xcconfig */ = {isa = PBXFileReference; includeInIndex = 1; lastKnownFileType = text.xcconfig; name = "Pods-Example Tests.release.xcconfig"; path = "Target Support Files/Pods-Example Tests/Pods-Example Tests.release.xcconfig"; sourceTree = "<group>"; };
		50D37028CF29B8B472CA3F1B /* README.md */ = {isa = PBXFileReference; includeInIndex = 1; lastKnownFileType = net.daringfireball.markdown; name = README.md; path = ./README.md; sourceTree = "<group>"; };
		607FACD01AFB9204008FA782 /* Example iOS.app */ = {isa = PBXFileReference; explicitFileType = wrapper.application; includeInIndex = 0; path = "Example iOS.app"; sourceTree = BUILT_PRODUCTS_DIR; };
		607FACD41AFB9204008FA782 /* Info.plist */ = {isa = PBXFileReference; lastKnownFileType = text.plist.xml; path = Info.plist; sourceTree = "<group>"; };
		607FACD51AFB9204008FA782 /* AppDelegate.swift */ = {isa = PBXFileReference; lastKnownFileType = sourcecode.swift; path = AppDelegate.swift; sourceTree = "<group>"; };
		607FACDA1AFB9204008FA782 /* Base */ = {isa = PBXFileReference; lastKnownFileType = file.storyboard; name = Base; path = Base.lproj/Main.storyboard; sourceTree = "<group>"; };
		607FACE51AFB9204008FA782 /* Example Tests.xctest */ = {isa = PBXFileReference; explicitFileType = wrapper.cfbundle; includeInIndex = 0; path = "Example Tests.xctest"; sourceTree = BUILT_PRODUCTS_DIR; };
		607FACEA1AFB9204008FA782 /* Info.plist */ = {isa = PBXFileReference; lastKnownFileType = text.plist.xml; path = Info.plist; sourceTree = "<group>"; };
		607FACEB1AFB9204008FA782 /* Tests.swift */ = {isa = PBXFileReference; lastKnownFileType = sourcecode.swift; path = Tests.swift; sourceTree = "<group>"; };
		6289ECD225273745D31F49E9 /* Pods_Example_tvOS.framework */ = {isa = PBXFileReference; explicitFileType = wrapper.framework; includeInIndex = 0; path = Pods_Example_tvOS.framework; sourceTree = BUILT_PRODUCTS_DIR; };
		697EE8271661B0A64B998F44 /* Pods-Example iOS.release.xcconfig */ = {isa = PBXFileReference; includeInIndex = 1; lastKnownFileType = text.xcconfig; name = "Pods-Example iOS.release.xcconfig"; path = "Target Support Files/Pods-Example iOS/Pods-Example iOS.release.xcconfig"; sourceTree = "<group>"; };
		8DD00E74E14A76BC040ECB08 /* Pods_Example_iOS.framework */ = {isa = PBXFileReference; explicitFileType = wrapper.framework; includeInIndex = 0; path = Pods_Example_iOS.framework; sourceTree = BUILT_PRODUCTS_DIR; };
		94C2B897AA8836C7B4EE22FA /* Pods-Example tvOS.release.xcconfig */ = {isa = PBXFileReference; includeInIndex = 1; lastKnownFileType = text.xcconfig; name = "Pods-Example tvOS.release.xcconfig"; path = "Target Support Files/Pods-Example tvOS/Pods-Example tvOS.release.xcconfig"; sourceTree = "<group>"; };
		9B11F2EA162511432A6743DD /* Pods-Example Tests.debug.xcconfig */ = {isa = PBXFileReference; includeInIndex = 1; lastKnownFileType = text.xcconfig; name = "Pods-Example Tests.debug.xcconfig"; path = "Target Support Files/Pods-Example Tests/Pods-Example Tests.debug.xcconfig"; sourceTree = "<group>"; };
		A903BC18F198AD7A9457163E /* Pods-Example iOS.debug.xcconfig */ = {isa = PBXFileReference; includeInIndex = 1; lastKnownFileType = text.xcconfig; name = "Pods-Example iOS.debug.xcconfig"; path = "Target Support Files/Pods-Example iOS/Pods-Example iOS.debug.xcconfig"; sourceTree = "<group>"; };
		B1FD2A2CA7C878D207D7231A /* LICENSE */ = {isa = PBXFileReference; includeInIndex = 1; lastKnownFileType = text; name = LICENSE; path = ./LICENSE; sourceTree = "<group>"; };
		E7725B95DDB08A1F2238368E /* Pods_Example_Tests.framework */ = {isa = PBXFileReference; explicitFileType = wrapper.framework; includeInIndex = 0; path = Pods_Example_Tests.framework; sourceTree = BUILT_PRODUCTS_DIR; };
		E846C446275D101F00CE208D /* IdealSans-Book-Pro.otf */ = {isa = PBXFileReference; lastKnownFileType = file; path = "IdealSans-Book-Pro.otf"; sourceTree = "<group>"; };
		E846C448275D101F00CE208D /* Lato-Regular.ttf */ = {isa = PBXFileReference; lastKnownFileType = file; path = "Lato-Regular.ttf"; sourceTree = "<group>"; };
		E846C44B275D107B00CE208D /* applications.json */ = {isa = PBXFileReference; fileEncoding = 4; lastKnownFileType = text.json; path = applications.json; sourceTree = "<group>"; };
		E846C44F275D10BD00CE208D /* Application.swift */ = {isa = PBXFileReference; fileEncoding = 4; lastKnownFileType = sourcecode.swift; path = Application.swift; sourceTree = "<group>"; };
		E846C450275D10BD00CE208D /* UIColor+Hexadecimal.swift */ = {isa = PBXFileReference; fileEncoding = 4; lastKnownFileType = sourcecode.swift; path = "UIColor+Hexadecimal.swift"; sourceTree = "<group>"; };
		E8B165D5269DECA200B80E02 /* Assets.xcassets */ = {isa = PBXFileReference; lastKnownFileType = folder.assetcatalog; path = Assets.xcassets; sourceTree = "<group>"; };
/* End PBXFileReference section */

/* Begin PBXFrameworksBuildPhase section */
		0CA494C42B723E0D00C0C8C7 /* Frameworks */ = {
			isa = PBXFrameworksBuildPhase;
			buildActionMask = 2147483647;
			files = (
				B7E64BF4A4C0092D6292971B /* Pods_Example_tvOS.framework in Frameworks */,
			);
			runOnlyForDeploymentPostprocessing = 0;
		};
		607FACCD1AFB9204008FA782 /* Frameworks */ = {
			isa = PBXFrameworksBuildPhase;
			buildActionMask = 2147483647;
			files = (
				0E99C6BDA825F2609FD5D880 /* Pods_Example_iOS.framework in Frameworks */,
			);
			runOnlyForDeploymentPostprocessing = 0;
		};
		607FACE21AFB9204008FA782 /* Frameworks */ = {
			isa = PBXFrameworksBuildPhase;
			buildActionMask = 2147483647;
			files = (
				D73AE72FF7070D50F3EEC4B8 /* Pods_Example_Tests.framework in Frameworks */,
			);
			runOnlyForDeploymentPostprocessing = 0;
		};
/* End PBXFrameworksBuildPhase section */

/* Begin PBXGroup section */
		0C12E0242BA19D0B009496E6 /* View */ = {
			isa = PBXGroup;
			children = (
				0CD2E6662BA1551100214987 /* ViewController.swift */,
			);
			path = View;
			sourceTree = "<group>";
		};
		0C1D5CE32B9EF40400552C87 /* Help */ = {
			isa = PBXGroup;
			children = (
				E846C450275D10BD00CE208D /* UIColor+Hexadecimal.swift */,
			);
			path = Help;
			sourceTree = "<group>";
		};
		0C1D5CE42B9EF44100552C87 /* Applications */ = {
			isa = PBXGroup;
			children = (
				0C1D5CDF2B9EF1F300552C87 /* ApplicationsTableViewController.swift */,
				0C1D5CE12B9EF25000552C87 /* ApplicationDetailViewController.swift */,
				E846C44F275D10BD00CE208D /* Application.swift */,
			);
			path = Applications;
			sourceTree = "<group>";
		};
		0C3A8D382BA31A1000E64966 /* CustomView */ = {
			isa = PBXGroup;
			children = (
				0C3A8D392BA31A2200E64966 /* CustomViewController.swift */,
			);
			path = CustomView;
			sourceTree = "<group>";
		};
		0C7B49E12B9F106F000B20B0 /* WebView */ = {
			isa = PBXGroup;
			children = (
				18F63D58276F57D800D2AF7C /* WebViewController.swift */,
			);
			path = WebView;
			sourceTree = "<group>";
		};
		0C7B49E22B9F12E1000B20B0 /* Colors */ = {
			isa = PBXGroup;
			children = (
				0C7B49F12B9F1F76000B20B0 /* TabBarController.swift */,
				0C7B49E32B9F1354000B20B0 /* CollectionViewController.swift */,
				0C7B49E72B9F1380000B20B0 /* TableViewController.swift */,
				0C7B49E52B9F136E000B20B0 /* SearchViewController.swift */,
				0C7B49ED2B9F1433000B20B0 /* Color.swift */,
				0C7B49EB2B9F1428000B20B0 /* Palette.swift */,
			);
			path = Colors;
			sourceTree = "<group>";
		};
		0CA494C82B723E0D00C0C8C7 /* Example tvOS */ = {
			isa = PBXGroup;
			children = (
				0CA494CB2B723E0D00C0C8C7 /* ViewController.swift */,
				0CA494CD2B723E0D00C0C8C7 /* Main.storyboard */,
				0CA494D02B723E0E00C0C8C7 /* Assets.xcassets */,
				0CA494D22B723E0E00C0C8C7 /* LaunchScreen.storyboard */,
			);
			path = "Example tvOS";
			sourceTree = "<group>";
		};
		0CD2E6652BA154AD00214987 /* ScrollView */ = {
			isa = PBXGroup;
			children = (
				0CD2E6632BA154A100214987 /* ScrollViewController.swift */,
			);
			path = ScrollView;
			sourceTree = "<group>";
		};
		1D04490287CDDA04541749AE /* Pods */ = {
			isa = PBXGroup;
			children = (
				9B11F2EA162511432A6743DD /* Pods-Example Tests.debug.xcconfig */,
				34C505DB11E7B1601E933250 /* Pods-Example Tests.release.xcconfig */,
				A903BC18F198AD7A9457163E /* Pods-Example iOS.debug.xcconfig */,
				697EE8271661B0A64B998F44 /* Pods-Example iOS.release.xcconfig */,
				308D44E6CA1889CC8364E4A3 /* Pods-Example tvOS.debug.xcconfig */,
				94C2B897AA8836C7B4EE22FA /* Pods-Example tvOS.release.xcconfig */,
			);
			path = Pods;
			sourceTree = "<group>";
		};
		29A8DE23C73602CB3E9DA3F5 /* Frameworks */ = {
			isa = PBXGroup;
			children = (
				E7725B95DDB08A1F2238368E /* Pods_Example_Tests.framework */,
				8DD00E74E14A76BC040ECB08 /* Pods_Example_iOS.framework */,
				6289ECD225273745D31F49E9 /* Pods_Example_tvOS.framework */,
			);
			name = Frameworks;
			sourceTree = "<group>";
		};
		607FACC71AFB9204008FA782 = {
			isa = PBXGroup;
			children = (
				607FACF51AFB993E008FA782 /* Podspec Metadata */,
				607FACD21AFB9204008FA782 /* Example iOS */,
				0CA494C82B723E0D00C0C8C7 /* Example tvOS */,
				607FACE81AFB9204008FA782 /* Tests */,
				607FACD11AFB9204008FA782 /* Products */,
				1D04490287CDDA04541749AE /* Pods */,
				29A8DE23C73602CB3E9DA3F5 /* Frameworks */,
			);
			sourceTree = "<group>";
		};
		607FACD11AFB9204008FA782 /* Products */ = {
			isa = PBXGroup;
			children = (
				607FACD01AFB9204008FA782 /* Example iOS.app */,
				607FACE51AFB9204008FA782 /* Example Tests.xctest */,
				0CA494C72B723E0D00C0C8C7 /* Example tvOS.app */,
			);
			name = Products;
			sourceTree = "<group>";
		};
		607FACD21AFB9204008FA782 /* Example iOS */ = {
			isa = PBXGroup;
			children = (
				607FACD51AFB9204008FA782 /* AppDelegate.swift */,
				0C1D5CE52B9EF71A00552C87 /* MainViewController.swift */,
				0C1D5CE42B9EF44100552C87 /* Applications */,
				0C7B49E22B9F12E1000B20B0 /* Colors */,
				0C3A8D382BA31A1000E64966 /* CustomView */,
				0C7B49E12B9F106F000B20B0 /* WebView */,
				0CD2E6652BA154AD00214987 /* ScrollView */,
				0C12E0242BA19D0B009496E6 /* View */,
				0C1D5CE32B9EF40400552C87 /* Help */,
				607FACD91AFB9204008FA782 /* Main.storyboard */,
				1828E0942643B700004E75A3 /* LaunchScreen.storyboard */,
				E8B165D5269DECA200B80E02 /* Assets.xcassets */,
				607FACD41AFB9204008FA782 /* Info.plist */,
				0C7B49E92B9F13E7000B20B0 /* colors.json */,
				E846C44B275D107B00CE208D /* applications.json */,
				E846C444275D101F00CE208D /* Fonts */,
			);
			name = "Example iOS";
			path = Example;
			sourceTree = "<group>";
		};
		607FACE81AFB9204008FA782 /* Tests */ = {
			isa = PBXGroup;
			children = (
				607FACEB1AFB9204008FA782 /* Tests.swift */,
				607FACEA1AFB9204008FA782 /* Info.plist */,
			);
			path = Tests;
			sourceTree = "<group>";
		};
		607FACF51AFB993E008FA782 /* Podspec Metadata */ = {
			isa = PBXGroup;
			children = (
				0CA172342B4FE8BA00179E2A /* Package.swift */,
				1B5C28457C1B114F3AB55AB9 /* BlankSlate.podspec */,
				50D37028CF29B8B472CA3F1B /* README.md */,
				B1FD2A2CA7C878D207D7231A /* LICENSE */,
			);
			name = "Podspec Metadata";
			sourceTree = "<group>";
		};
		E846C444275D101F00CE208D /* Fonts */ = {
			isa = PBXGroup;
			children = (
				E846C445275D101F00CE208D /* Ideal Sans */,
				E846C447275D101F00CE208D /* Lato */,
			);
			path = Fonts;
			sourceTree = "<group>";
		};
		E846C445275D101F00CE208D /* Ideal Sans */ = {
			isa = PBXGroup;
			children = (
				E846C446275D101F00CE208D /* IdealSans-Book-Pro.otf */,
			);
			path = "Ideal Sans";
			sourceTree = "<group>";
		};
		E846C447275D101F00CE208D /* Lato */ = {
			isa = PBXGroup;
			children = (
				E846C448275D101F00CE208D /* Lato-Regular.ttf */,
			);
			path = Lato;
			sourceTree = "<group>";
		};
/* End PBXGroup section */

/* Begin PBXNativeTarget section */
		0CA494C62B723E0D00C0C8C7 /* Example tvOS */ = {
			isa = PBXNativeTarget;
			buildConfigurationList = 0CA494D72B723E0E00C0C8C7 /* Build configuration list for PBXNativeTarget "Example tvOS" */;
			buildPhases = (
				20E1D366A64E37518EA7BCE1 /* [CP] Check Pods Manifest.lock */,
				0CA494C32B723E0D00C0C8C7 /* Sources */,
				0CA494C42B723E0D00C0C8C7 /* Frameworks */,
				0CA494C52B723E0D00C0C8C7 /* Resources */,
			);
			buildRules = (
			);
			dependencies = (
			);
			name = "Example tvOS";
			productName = "Example tvOS";
			productReference = 0CA494C72B723E0D00C0C8C7 /* Example tvOS.app */;
			productType = "com.apple.product-type.application";
		};
		607FACCF1AFB9204008FA782 /* Example iOS */ = {
			isa = PBXNativeTarget;
			buildConfigurationList = 607FACEF1AFB9204008FA782 /* Build configuration list for PBXNativeTarget "Example iOS" */;
			buildPhases = (
				FF7D566F3EFCE0D7F1D766EA /* [CP] Check Pods Manifest.lock */,
				607FACCC1AFB9204008FA782 /* Sources */,
				607FACCD1AFB9204008FA782 /* Frameworks */,
				607FACCE1AFB9204008FA782 /* Resources */,
			);
			buildRules = (
			);
			dependencies = (
			);
			name = "Example iOS";
			productName = EmptyDataSet;
			productReference = 607FACD01AFB9204008FA782 /* Example iOS.app */;
			productType = "com.apple.product-type.application";
		};
		607FACE41AFB9204008FA782 /* Example Tests */ = {
			isa = PBXNativeTarget;
			buildConfigurationList = 607FACF21AFB9204008FA782 /* Build configuration list for PBXNativeTarget "Example Tests" */;
			buildPhases = (
				2A06A672AE03634EABA0F957 /* [CP] Check Pods Manifest.lock */,
				607FACE11AFB9204008FA782 /* Sources */,
				607FACE21AFB9204008FA782 /* Frameworks */,
				607FACE31AFB9204008FA782 /* Resources */,
			);
			buildRules = (
			);
			dependencies = (
				607FACE71AFB9204008FA782 /* PBXTargetDependency */,
			);
			name = "Example Tests";
			productName = Tests;
			productReference = 607FACE51AFB9204008FA782 /* Example Tests.xctest */;
			productType = "com.apple.product-type.bundle.unit-test";
		};
/* End PBXNativeTarget section */

/* Begin PBXProject section */
		607FACC81AFB9204008FA782 /* Project object */ = {
			isa = PBXProject;
			attributes = {
				LastSwiftUpdateCheck = 1520;
				LastUpgradeCheck = 1250;
				ORGANIZATIONNAME = Liam;
				TargetAttributes = {
					0CA494C62B723E0D00C0C8C7 = {
						CreatedOnToolsVersion = 15.2;
						ProvisioningStyle = Automatic;
					};
					607FACCF1AFB9204008FA782 = {
						CreatedOnToolsVersion = 6.3.1;
						LastSwiftMigration = 1250;
					};
					607FACE41AFB9204008FA782 = {
						CreatedOnToolsVersion = 6.3.1;
						LastSwiftMigration = 1250;
						TestTargetID = 607FACCF1AFB9204008FA782;
					};
				};
			};
			buildConfigurationList = 607FACCB1AFB9204008FA782 /* Build configuration list for PBXProject "BlankSlate" */;
			compatibilityVersion = "Xcode 3.2";
			developmentRegion = en;
			hasScannedForEncodings = 0;
			knownRegions = (
				en,
				Base,
			);
			mainGroup = 607FACC71AFB9204008FA782;
			productRefGroup = 607FACD11AFB9204008FA782 /* Products */;
			projectDirPath = "";
			projectRoot = "";
			targets = (
				607FACCF1AFB9204008FA782 /* Example iOS */,
				0CA494C62B723E0D00C0C8C7 /* Example tvOS */,
				607FACE41AFB9204008FA782 /* Example Tests */,
			);
		};
/* End PBXProject section */

/* Begin PBXResourcesBuildPhase section */
		0CA494C52B723E0D00C0C8C7 /* Resources */ = {
			isa = PBXResourcesBuildPhase;
			buildActionMask = 2147483647;
			files = (
				0CA494D42B723E0E00C0C8C7 /* LaunchScreen.storyboard in Resources */,
				0CA494D12B723E0E00C0C8C7 /* Assets.xcassets in Resources */,
				0CA494CF2B723E0D00C0C8C7 /* Main.storyboard in Resources */,
			);
			runOnlyForDeploymentPostprocessing = 0;
		};
		607FACCE1AFB9204008FA782 /* Resources */ = {
			isa = PBXResourcesBuildPhase;
			buildActionMask = 2147483647;
			files = (
				0C7B49EA2B9F13E7000B20B0 /* colors.json in Resources */,
				607FACDB1AFB9204008FA782 /* Main.storyboard in Resources */,
				1828E0962643B700004E75A3 /* LaunchScreen.storyboard in Resources */,
				E846C44A275D101F00CE208D /* Lato-Regular.ttf in Resources */,
				E8B165D6269DECA200B80E02 /* Assets.xcassets in Resources */,
				E846C44C275D107B00CE208D /* applications.json in Resources */,
				E846C449275D101F00CE208D /* IdealSans-Book-Pro.otf in Resources */,
			);
			runOnlyForDeploymentPostprocessing = 0;
		};
		607FACE31AFB9204008FA782 /* Resources */ = {
			isa = PBXResourcesBuildPhase;
			buildActionMask = 2147483647;
			files = (
			);
			runOnlyForDeploymentPostprocessing = 0;
		};
/* End PBXResourcesBuildPhase section */

/* Begin PBXShellScriptBuildPhase section */
		20E1D366A64E37518EA7BCE1 /* [CP] Check Pods Manifest.lock */ = {
			isa = PBXShellScriptBuildPhase;
			buildActionMask = 2147483647;
			files = (
			);
			inputFileListPaths = (
			);
			inputPaths = (
				"${PODS_PODFILE_DIR_PATH}/Podfile.lock",
				"${PODS_ROOT}/Manifest.lock",
			);
			name = "[CP] Check Pods Manifest.lock";
			outputFileListPaths = (
			);
			outputPaths = (
				"$(DERIVED_FILE_DIR)/Pods-Example tvOS-checkManifestLockResult.txt",
			);
			runOnlyForDeploymentPostprocessing = 0;
			shellPath = /bin/sh;
			shellScript = "diff \"${PODS_PODFILE_DIR_PATH}/Podfile.lock\" \"${PODS_ROOT}/Manifest.lock\" > /dev/null\nif [ $? != 0 ] ; then\n    # print error to STDERR\n    echo \"error: The sandbox is not in sync with the Podfile.lock. Run 'pod install' or update your CocoaPods installation.\" >&2\n    exit 1\nfi\n# This output is used by Xcode 'outputs' to avoid re-running this script phase.\necho \"SUCCESS\" > \"${SCRIPT_OUTPUT_FILE_0}\"\n";
			showEnvVarsInLog = 0;
		};
		2A06A672AE03634EABA0F957 /* [CP] Check Pods Manifest.lock */ = {
			isa = PBXShellScriptBuildPhase;
			buildActionMask = 2147483647;
			files = (
			);
			inputFileListPaths = (
			);
			inputPaths = (
				"${PODS_PODFILE_DIR_PATH}/Podfile.lock",
				"${PODS_ROOT}/Manifest.lock",
			);
			name = "[CP] Check Pods Manifest.lock";
			outputFileListPaths = (
			);
			outputPaths = (
				"$(DERIVED_FILE_DIR)/Pods-Example Tests-checkManifestLockResult.txt",
			);
			runOnlyForDeploymentPostprocessing = 0;
			shellPath = /bin/sh;
			shellScript = "diff \"${PODS_PODFILE_DIR_PATH}/Podfile.lock\" \"${PODS_ROOT}/Manifest.lock\" > /dev/null\nif [ $? != 0 ] ; then\n    # print error to STDERR\n    echo \"error: The sandbox is not in sync with the Podfile.lock. Run 'pod install' or update your CocoaPods installation.\" >&2\n    exit 1\nfi\n# This output is used by Xcode 'outputs' to avoid re-running this script phase.\necho \"SUCCESS\" > \"${SCRIPT_OUTPUT_FILE_0}\"\n";
			showEnvVarsInLog = 0;
		};
		FF7D566F3EFCE0D7F1D766EA /* [CP] Check Pods Manifest.lock */ = {
			isa = PBXShellScriptBuildPhase;
			buildActionMask = 2147483647;
			files = (
			);
			inputFileListPaths = (
			);
			inputPaths = (
				"${PODS_PODFILE_DIR_PATH}/Podfile.lock",
				"${PODS_ROOT}/Manifest.lock",
			);
			name = "[CP] Check Pods Manifest.lock";
			outputFileListPaths = (
			);
			outputPaths = (
				"$(DERIVED_FILE_DIR)/Pods-Example iOS-checkManifestLockResult.txt",
			);
			runOnlyForDeploymentPostprocessing = 0;
			shellPath = /bin/sh;
			shellScript = "diff \"${PODS_PODFILE_DIR_PATH}/Podfile.lock\" \"${PODS_ROOT}/Manifest.lock\" > /dev/null\nif [ $? != 0 ] ; then\n    # print error to STDERR\n    echo \"error: The sandbox is not in sync with the Podfile.lock. Run 'pod install' or update your CocoaPods installation.\" >&2\n    exit 1\nfi\n# This output is used by Xcode 'outputs' to avoid re-running this script phase.\necho \"SUCCESS\" > \"${SCRIPT_OUTPUT_FILE_0}\"\n";
			showEnvVarsInLog = 0;
		};
/* End PBXShellScriptBuildPhase section */

/* Begin PBXSourcesBuildPhase section */
		0CA494C32B723E0D00C0C8C7 /* Sources */ = {
			isa = PBXSourcesBuildPhase;
			buildActionMask = 2147483647;
			files = (
				0CA494E02B723F2700C0C8C7 /* AppDelegate.swift in Sources */,
				0CA494CC2B723E0D00C0C8C7 /* ViewController.swift in Sources */,
			);
			runOnlyForDeploymentPostprocessing = 0;
		};
		607FACCC1AFB9204008FA782 /* Sources */ = {
			isa = PBXSourcesBuildPhase;
			buildActionMask = 2147483647;
			files = (
				0CD2E6672BA1551100214987 /* ViewController.swift in Sources */,
				0C7B49E62B9F136E000B20B0 /* SearchViewController.swift in Sources */,
				0C7B49E42B9F1354000B20B0 /* CollectionViewController.swift in Sources */,
				0C1D5CE62B9EF71A00552C87 /* MainViewController.swift in Sources */,
				0CD2E6642BA154A100214987 /* ScrollViewController.swift in Sources */,
				0C7B49EC2B9F1428000B20B0 /* Palette.swift in Sources */,
				0C7B49EE2B9F1433000B20B0 /* Color.swift in Sources */,
				E846C455275D10BD00CE208D /* UIColor+Hexadecimal.swift in Sources */,
				607FACD61AFB9204008FA782 /* AppDelegate.swift in Sources */,
				18F63D59276F57D800D2AF7C /* WebViewController.swift in Sources */,
				0C7B49E82B9F1380000B20B0 /* TableViewController.swift in Sources */,
				E846C454275D10BD00CE208D /* Application.swift in Sources */,
				0C1D5CE02B9EF1F300552C87 /* ApplicationsTableViewController.swift in Sources */,
				0C7B49F22B9F1F76000B20B0 /* TabBarController.swift in Sources */,
				0C1D5CE22B9EF25000552C87 /* ApplicationDetailViewController.swift in Sources */,
				0C3A8D3A2BA31A2200E64966 /* CustomViewController.swift in Sources */,
			);
			runOnlyForDeploymentPostprocessing = 0;
		};
		607FACE11AFB9204008FA782 /* Sources */ = {
			isa = PBXSourcesBuildPhase;
			buildActionMask = 2147483647;
			files = (
				607FACEC1AFB9204008FA782 /* Tests.swift in Sources */,
			);
			runOnlyForDeploymentPostprocessing = 0;
		};
/* End PBXSourcesBuildPhase section */

/* Begin PBXTargetDependency section */
		607FACE71AFB9204008FA782 /* PBXTargetDependency */ = {
			isa = PBXTargetDependency;
			target = 607FACCF1AFB9204008FA782 /* Example iOS */;
			targetProxy = 607FACE61AFB9204008FA782 /* PBXContainerItemProxy */;
		};
/* End PBXTargetDependency section */

/* Begin PBXVariantGroup section */
		0CA494CD2B723E0D00C0C8C7 /* Main.storyboard */ = {
			isa = PBXVariantGroup;
			children = (
				0CA494CE2B723E0D00C0C8C7 /* Base */,
			);
			name = Main.storyboard;
			sourceTree = "<group>";
		};
		0CA494D22B723E0E00C0C8C7 /* LaunchScreen.storyboard */ = {
			isa = PBXVariantGroup;
			children = (
				0CA494D32B723E0E00C0C8C7 /* Base */,
			);
			name = LaunchScreen.storyboard;
			sourceTree = "<group>";
		};
		1828E0942643B700004E75A3 /* LaunchScreen.storyboard */ = {
			isa = PBXVariantGroup;
			children = (
				1828E0952643B700004E75A3 /* Base */,
			);
			name = LaunchScreen.storyboard;
			sourceTree = "<group>";
		};
		607FACD91AFB9204008FA782 /* Main.storyboard */ = {
			isa = PBXVariantGroup;
			children = (
				607FACDA1AFB9204008FA782 /* Base */,
			);
			name = Main.storyboard;
			sourceTree = "<group>";
		};
/* End PBXVariantGroup section */

/* Begin XCBuildConfiguration section */
		0CA494D52B723E0E00C0C8C7 /* Debug */ = {
			isa = XCBuildConfiguration;
			baseConfigurationReference = 308D44E6CA1889CC8364E4A3 /* Pods-Example tvOS.debug.xcconfig */;
			buildSettings = {
				ASSETCATALOG_COMPILER_APPICON_NAME = "App Icon & Top Shelf Image";
				ASSETCATALOG_COMPILER_GENERATE_SWIFT_ASSET_SYMBOL_EXTENSIONS = YES;
				ASSETCATALOG_COMPILER_GLOBAL_ACCENT_COLOR_NAME = AccentColor;
				CLANG_ANALYZER_NONNULL = YES;
				CLANG_ANALYZER_NUMBER_OBJECT_CONVERSION = YES_AGGRESSIVE;
				CLANG_CXX_LANGUAGE_STANDARD = "gnu++20";
				CLANG_ENABLE_OBJC_WEAK = YES;
				CLANG_WARN_DOCUMENTATION_COMMENTS = YES;
				CLANG_WARN_UNGUARDED_AVAILABILITY = YES_AGGRESSIVE;
				CODE_SIGN_STYLE = Automatic;
				CURRENT_PROJECT_VERSION = 1;
				DEBUG_INFORMATION_FORMAT = dwarf;
				ENABLE_USER_SCRIPT_SANDBOXING = YES;
				GCC_C_LANGUAGE_STANDARD = gnu17;
				GENERATE_INFOPLIST_FILE = YES;
				INFOPLIST_KEY_CFBundleDisplayName = BlankSlate;
				INFOPLIST_KEY_UILaunchStoryboardName = LaunchScreen;
				INFOPLIST_KEY_UIMainStoryboardFile = Main;
				INFOPLIST_KEY_UIUserInterfaceStyle = Automatic;
				LD_RUNPATH_SEARCH_PATHS = "$(inherited) @executable_path/Frameworks";
				LOCALIZATION_PREFERS_STRING_CATALOGS = YES;
				MARKETING_VERSION = 1.0;
				MTL_ENABLE_DEBUG_INFO = INCLUDE_SOURCE;
				MTL_FAST_MATH = YES;
				PRODUCT_BUNDLE_IDENTIFIER = "com.liam.Example-tvOS";
				PRODUCT_NAME = "$(TARGET_NAME)";
				SDKROOT = appletvos;
				SWIFT_ACTIVE_COMPILATION_CONDITIONS = "DEBUG $(inherited)";
				SWIFT_EMIT_LOC_STRINGS = YES;
				SWIFT_VERSION = 5.0;
				TARGETED_DEVICE_FAMILY = 3;
				TVOS_DEPLOYMENT_TARGET = 12.0;
			};
			name = Debug;
		};
		0CA494D62B723E0E00C0C8C7 /* Release */ = {
			isa = XCBuildConfiguration;
			baseConfigurationReference = 94C2B897AA8836C7B4EE22FA /* Pods-Example tvOS.release.xcconfig */;
			buildSettings = {
				ASSETCATALOG_COMPILER_APPICON_NAME = "App Icon & Top Shelf Image";
				ASSETCATALOG_COMPILER_GENERATE_SWIFT_ASSET_SYMBOL_EXTENSIONS = YES;
				ASSETCATALOG_COMPILER_GLOBAL_ACCENT_COLOR_NAME = AccentColor;
				CLANG_ANALYZER_NONNULL = YES;
				CLANG_ANALYZER_NUMBER_OBJECT_CONVERSION = YES_AGGRESSIVE;
				CLANG_CXX_LANGUAGE_STANDARD = "gnu++20";
				CLANG_ENABLE_OBJC_WEAK = YES;
				CLANG_WARN_DOCUMENTATION_COMMENTS = YES;
				CLANG_WARN_UNGUARDED_AVAILABILITY = YES_AGGRESSIVE;
				CODE_SIGN_STYLE = Automatic;
				CURRENT_PROJECT_VERSION = 1;
				ENABLE_USER_SCRIPT_SANDBOXING = YES;
				GCC_C_LANGUAGE_STANDARD = gnu17;
				GENERATE_INFOPLIST_FILE = YES;
				INFOPLIST_KEY_CFBundleDisplayName = BlankSlate;
				INFOPLIST_KEY_UILaunchStoryboardName = LaunchScreen;
				INFOPLIST_KEY_UIMainStoryboardFile = Main;
				INFOPLIST_KEY_UIUserInterfaceStyle = Automatic;
				LD_RUNPATH_SEARCH_PATHS = "$(inherited) @executable_path/Frameworks";
				LOCALIZATION_PREFERS_STRING_CATALOGS = YES;
				MARKETING_VERSION = 1.0;
				MTL_FAST_MATH = YES;
				PRODUCT_BUNDLE_IDENTIFIER = "com.liam.Example-tvOS";
				PRODUCT_NAME = "$(TARGET_NAME)";
				SDKROOT = appletvos;
				SWIFT_EMIT_LOC_STRINGS = YES;
				SWIFT_VERSION = 5.0;
				TARGETED_DEVICE_FAMILY = 3;
				TVOS_DEPLOYMENT_TARGET = 12.0;
			};
			name = Release;
		};
		607FACED1AFB9204008FA782 /* Debug */ = {
			isa = XCBuildConfiguration;
			buildSettings = {
				ALWAYS_SEARCH_USER_PATHS = NO;
				CLANG_CXX_LANGUAGE_STANDARD = "gnu++0x";
				CLANG_CXX_LIBRARY = "libc++";
				CLANG_ENABLE_MODULES = YES;
				CLANG_ENABLE_OBJC_ARC = YES;
				CLANG_WARN_BLOCK_CAPTURE_AUTORELEASING = YES;
				CLANG_WARN_BOOL_CONVERSION = YES;
				CLANG_WARN_COMMA = YES;
				CLANG_WARN_CONSTANT_CONVERSION = YES;
				CLANG_WARN_DEPRECATED_OBJC_IMPLEMENTATIONS = YES;
				CLANG_WARN_DIRECT_OBJC_ISA_USAGE = YES_ERROR;
				CLANG_WARN_EMPTY_BODY = YES;
				CLANG_WARN_ENUM_CONVERSION = YES;
				CLANG_WARN_INFINITE_RECURSION = YES;
				CLANG_WARN_INT_CONVERSION = YES;
				CLANG_WARN_NON_LITERAL_NULL_CONVERSION = YES;
				CLANG_WARN_OBJC_IMPLICIT_RETAIN_SELF = YES;
				CLANG_WARN_OBJC_LITERAL_CONVERSION = YES;
				CLANG_WARN_OBJC_ROOT_CLASS = YES_ERROR;
				CLANG_WARN_QUOTED_INCLUDE_IN_FRAMEWORK_HEADER = YES;
				CLANG_WARN_RANGE_LOOP_ANALYSIS = YES;
				CLANG_WARN_STRICT_PROTOTYPES = YES;
				CLANG_WARN_SUSPICIOUS_MOVE = YES;
				CLANG_WARN_UNREACHABLE_CODE = YES;
				CLANG_WARN__DUPLICATE_METHOD_MATCH = YES;
				"CODE_SIGN_IDENTITY[sdk=iphoneos*]" = "iPhone Developer";
				COPY_PHASE_STRIP = NO;
				DEBUG_INFORMATION_FORMAT = "dwarf-with-dsym";
				ENABLE_STRICT_OBJC_MSGSEND = YES;
				ENABLE_TESTABILITY = YES;
				GCC_C_LANGUAGE_STANDARD = gnu99;
				GCC_DYNAMIC_NO_PIC = NO;
				GCC_NO_COMMON_BLOCKS = YES;
				GCC_OPTIMIZATION_LEVEL = 0;
				GCC_PREPROCESSOR_DEFINITIONS = (
					"DEBUG=1",
					"$(inherited)",
				);
				GCC_SYMBOLS_PRIVATE_EXTERN = NO;
				GCC_WARN_64_TO_32_BIT_CONVERSION = YES;
				GCC_WARN_ABOUT_RETURN_TYPE = YES_ERROR;
				GCC_WARN_UNDECLARED_SELECTOR = YES;
				GCC_WARN_UNINITIALIZED_AUTOS = YES_AGGRESSIVE;
				GCC_WARN_UNUSED_FUNCTION = YES;
				GCC_WARN_UNUSED_VARIABLE = YES;
				MTL_ENABLE_DEBUG_INFO = YES;
				ONLY_ACTIVE_ARCH = YES;
				SDKROOT = iphoneos;
				SWIFT_OPTIMIZATION_LEVEL = "-Onone";
				SWIFT_VERSION = 5.0;
			};
			name = Debug;
		};
		607FACEE1AFB9204008FA782 /* Release */ = {
			isa = XCBuildConfiguration;
			buildSettings = {
				ALWAYS_SEARCH_USER_PATHS = NO;
				CLANG_CXX_LANGUAGE_STANDARD = "gnu++0x";
				CLANG_CXX_LIBRARY = "libc++";
				CLANG_ENABLE_MODULES = YES;
				CLANG_ENABLE_OBJC_ARC = YES;
				CLANG_WARN_BLOCK_CAPTURE_AUTORELEASING = YES;
				CLANG_WARN_BOOL_CONVERSION = YES;
				CLANG_WARN_COMMA = YES;
				CLANG_WARN_CONSTANT_CONVERSION = YES;
				CLANG_WARN_DEPRECATED_OBJC_IMPLEMENTATIONS = YES;
				CLANG_WARN_DIRECT_OBJC_ISA_USAGE = YES_ERROR;
				CLANG_WARN_EMPTY_BODY = YES;
				CLANG_WARN_ENUM_CONVERSION = YES;
				CLANG_WARN_INFINITE_RECURSION = YES;
				CLANG_WARN_INT_CONVERSION = YES;
				CLANG_WARN_NON_LITERAL_NULL_CONVERSION = YES;
				CLANG_WARN_OBJC_IMPLICIT_RETAIN_SELF = YES;
				CLANG_WARN_OBJC_LITERAL_CONVERSION = YES;
				CLANG_WARN_OBJC_ROOT_CLASS = YES_ERROR;
				CLANG_WARN_QUOTED_INCLUDE_IN_FRAMEWORK_HEADER = YES;
				CLANG_WARN_RANGE_LOOP_ANALYSIS = YES;
				CLANG_WARN_STRICT_PROTOTYPES = YES;
				CLANG_WARN_SUSPICIOUS_MOVE = YES;
				CLANG_WARN_UNREACHABLE_CODE = YES;
				CLANG_WARN__DUPLICATE_METHOD_MATCH = YES;
				"CODE_SIGN_IDENTITY[sdk=iphoneos*]" = "iPhone Developer";
				COPY_PHASE_STRIP = NO;
				DEBUG_INFORMATION_FORMAT = "dwarf-with-dsym";
				ENABLE_NS_ASSERTIONS = NO;
				ENABLE_STRICT_OBJC_MSGSEND = YES;
				GCC_C_LANGUAGE_STANDARD = gnu99;
				GCC_NO_COMMON_BLOCKS = YES;
				GCC_WARN_64_TO_32_BIT_CONVERSION = YES;
				GCC_WARN_ABOUT_RETURN_TYPE = YES_ERROR;
				GCC_WARN_UNDECLARED_SELECTOR = YES;
				GCC_WARN_UNINITIALIZED_AUTOS = YES_AGGRESSIVE;
				GCC_WARN_UNUSED_FUNCTION = YES;
				GCC_WARN_UNUSED_VARIABLE = YES;
				MTL_ENABLE_DEBUG_INFO = NO;
				SDKROOT = iphoneos;
				SWIFT_OPTIMIZATION_LEVEL = "-Owholemodule";
				SWIFT_VERSION = 5.0;
				VALIDATE_PRODUCT = YES;
			};
			name = Release;
		};
		607FACF01AFB9204008FA782 /* Debug */ = {
			isa = XCBuildConfiguration;
			baseConfigurationReference = A903BC18F198AD7A9457163E /* Pods-Example iOS.debug.xcconfig */;
			buildSettings = {
				ASSETCATALOG_COMPILER_APPICON_NAME = AppIcon;
				INFOPLIST_FILE = Example/Info.plist;
				INFOPLIST_KEY_CFBundleDisplayName = BlankSlate;
				IPHONEOS_DEPLOYMENT_TARGET = 12.0;
				LD_RUNPATH_SEARCH_PATHS = "$(inherited) @executable_path/Frameworks";
				MODULE_NAME = ExampleApp;
				PRODUCT_BUNDLE_IDENTIFIER = "org.cocoapods.demo.$(PRODUCT_NAME:rfc1034identifier)";
				PRODUCT_NAME = "$(TARGET_NAME)";
				SWIFT_ACTIVE_COMPILATION_CONDITIONS = DEBUG;
				SWIFT_SWIFT3_OBJC_INFERENCE = Default;
				SWIFT_VERSION = 5.0;
			};
			name = Debug;
		};
		607FACF11AFB9204008FA782 /* Release */ = {
			isa = XCBuildConfiguration;
			baseConfigurationReference = 697EE8271661B0A64B998F44 /* Pods-Example iOS.release.xcconfig */;
			buildSettings = {
				ASSETCATALOG_COMPILER_APPICON_NAME = AppIcon;
				INFOPLIST_FILE = Example/Info.plist;
				INFOPLIST_KEY_CFBundleDisplayName = BlankSlate;
				IPHONEOS_DEPLOYMENT_TARGET = 12.0;
				LD_RUNPATH_SEARCH_PATHS = "$(inherited) @executable_path/Frameworks";
				MODULE_NAME = ExampleApp;
				PRODUCT_BUNDLE_IDENTIFIER = "org.cocoapods.demo.$(PRODUCT_NAME:rfc1034identifier)";
				PRODUCT_NAME = "$(TARGET_NAME)";
				SWIFT_SWIFT3_OBJC_INFERENCE = Default;
				SWIFT_VERSION = 5.0;
			};
			name = Release;
		};
		607FACF31AFB9204008FA782 /* Debug */ = {
			isa = XCBuildConfiguration;
			baseConfigurationReference = 9B11F2EA162511432A6743DD /* Pods-Example Tests.debug.xcconfig */;
			buildSettings = {
				FRAMEWORK_SEARCH_PATHS = (
					"$(PLATFORM_DIR)/Developer/Library/Frameworks",
					"$(inherited)",
				);
				GCC_PREPROCESSOR_DEFINITIONS = (
					"DEBUG=1",
					"$(inherited)",
				);
				INFOPLIST_FILE = Tests/Info.plist;
				IPHONEOS_DEPLOYMENT_TARGET = 12.0;
				LD_RUNPATH_SEARCH_PATHS = "$(inherited) @executable_path/Frameworks @loader_path/Frameworks";
				PRODUCT_BUNDLE_IDENTIFIER = "org.cocoapods.$(PRODUCT_NAME:rfc1034identifier)";
				PRODUCT_NAME = "$(TARGET_NAME)";
				SWIFT_SWIFT3_OBJC_INFERENCE = Default;
				SWIFT_VERSION = 5.0;
			};
			name = Debug;
		};
		607FACF41AFB9204008FA782 /* Release */ = {
			isa = XCBuildConfiguration;
			baseConfigurationReference = 34C505DB11E7B1601E933250 /* Pods-Example Tests.release.xcconfig */;
			buildSettings = {
				FRAMEWORK_SEARCH_PATHS = (
					"$(PLATFORM_DIR)/Developer/Library/Frameworks",
					"$(inherited)",
				);
				INFOPLIST_FILE = Tests/Info.plist;
				IPHONEOS_DEPLOYMENT_TARGET = 12.0;
				LD_RUNPATH_SEARCH_PATHS = "$(inherited) @executable_path/Frameworks @loader_path/Frameworks";
				PRODUCT_BUNDLE_IDENTIFIER = "org.cocoapods.$(PRODUCT_NAME:rfc1034identifier)";
				PRODUCT_NAME = "$(TARGET_NAME)";
				SWIFT_SWIFT3_OBJC_INFERENCE = Default;
				SWIFT_VERSION = 5.0;
			};
			name = Release;
		};
/* End XCBuildConfiguration section */

/* Begin XCConfigurationList section */
		0CA494D72B723E0E00C0C8C7 /* Build configuration list for PBXNativeTarget "Example tvOS" */ = {
			isa = XCConfigurationList;
			buildConfigurations = (
				0CA494D52B723E0E00C0C8C7 /* Debug */,
				0CA494D62B723E0E00C0C8C7 /* Release */,
			);
			defaultConfigurationIsVisible = 0;
			defaultConfigurationName = Release;
		};
		607FACCB1AFB9204008FA782 /* Build configuration list for PBXProject "BlankSlate" */ = {
			isa = XCConfigurationList;
			buildConfigurations = (
				607FACED1AFB9204008FA782 /* Debug */,
				607FACEE1AFB9204008FA782 /* Release */,
			);
			defaultConfigurationIsVisible = 0;
			defaultConfigurationName = Release;
		};
		607FACEF1AFB9204008FA782 /* Build configuration list for PBXNativeTarget "Example iOS" */ = {
			isa = XCConfigurationList;
			buildConfigurations = (
				607FACF01AFB9204008FA782 /* Debug */,
				607FACF11AFB9204008FA782 /* Release */,
			);
			defaultConfigurationIsVisible = 0;
			defaultConfigurationName = Release;
		};
		607FACF21AFB9204008FA782 /* Build configuration list for PBXNativeTarget "Example Tests" */ = {
			isa = XCConfigurationList;
			buildConfigurations = (
				607FACF31AFB9204008FA782 /* Debug */,
				607FACF41AFB9204008FA782 /* Release */,
			);
			defaultConfigurationIsVisible = 0;
			defaultConfigurationName = Release;
		};
/* End XCConfigurationList section */
	};
	rootObject = 607FACC81AFB9204008FA782 /* Project object */;
}
